
Microsoft Visual Studio Solution File, Format Version 12.00
# Visual Studio Version 16
VisualStudioVersion = 16.0.29230.47
MinimumVisualStudioVersion = 10.0.40219.1
Project("{FAE04EC0-301F-11D3-BF4B-00C04F79EFBC}") = "Signal.Bot", "Signal.Bot\Signal.Bot.csproj", "{FCA4F694-78C7-410F-9784-100B2E2E34E8}"
EndProject
Project("{FAE04EC0-301F-11D3-BF4B-00C04F79EFBC}") = "Signal.Bot.Tests", "Signal.Bot.Tests\Signal.Bot.Tests.csproj", "{7BE0F2E3-D3E8-498C-A9EF-57A1B1BC23AB}"
EndProject
Project("{2150E333-8FDC-42A3-9474-1A3956D46DE8}") = "Solution Items", "Solution Items", "{B5DF032D-4C5E-4E6B-B6B1-F83A599FE329}"
	ProjectSection(SolutionItems) = preProject
		..\swagger.json = ..\swagger.json
		..\docs\logo\logo.png = ..\docs\logo\logo.png
		..\README.md = ..\README.md
		..\LICENSE = ..\LICENSE
		..\.github\workflows\build-and-release.yml = ..\.github\workflows\build-and-release.yml
	EndProjectSection
EndProject
Project("{2150E333-8FDC-42A3-9474-1A3956D46DE8}") = "Examples", "Examples", "{16183054-D79A-4DE4-9C2F-D43D09B591C7}"
EndProject
Project("{FAE04EC0-301F-11D3-BF4B-00C04F79EFBC}") = "signal.bot.example", "signal.bot.example\signal.bot.example.csproj", "{DDBBE150-A524-4007-A68E-BEF76AC8C58F}"
EndProject
Global
	GlobalSection(SolutionConfigurationPlatforms) = preSolution
		Debug|Any CPU = Debug|Any CPU
		Release|Any CPU = Release|Any CPU
	EndGlobalSection
	GlobalSection(ProjectConfigurationPlatforms) = postSolution
		{FCA4F694-78C7-410F-9784-100B2E2E34E8}.Debug|Any CPU.ActiveCfg = Debug|Any CPU
		{FCA4F694-78C7-410F-9784-100B2E2E34E8}.Debug|Any CPU.Build.0 = Debug|Any CPU
		{FCA4F694-78C7-410F-9784-100B2E2E34E8}.Release|Any CPU.ActiveCfg = Release|Any CPU
		{FCA4F694-78C7-410F-9784-100B2E2E34E8}.Release|Any CPU.Build.0 = Release|Any CPU
		{7BE0F2E3-D3E8-498C-A9EF-57A1B1BC23AB}.Debug|Any CPU.ActiveCfg = Debug|Any CPU
		{7BE0F2E3-D3E8-498C-A9EF-57A1B1BC23AB}.Debug|Any CPU.Build.0 = Debug|Any CPU
		{7BE0F2E3-D3E8-498C-A9EF-57A1B1BC23AB}.Release|Any CPU.ActiveCfg = Release|Any CPU
		{7BE0F2E3-D3E8-498C-A9EF-57A1B1BC23AB}.Release|Any CPU.Build.0 = Release|Any CPU
		{DDBBE150-A524-4007-A68E-BEF76AC8C58F}.Debug|Any CPU.ActiveCfg = Debug|Any CPU
		{DDBBE150-A524-4007-A68E-BEF76AC8C58F}.Debug|Any CPU.Build.0 = Debug|Any CPU
		{DDBBE150-A524-4007-A68E-BEF76AC8C58F}.Release|Any CPU.ActiveCfg = Release|Any CPU
		{DDBBE150-A524-4007-A68E-BEF76AC8C58F}.Release|Any CPU.Build.0 = Release|Any CPU
	EndGlobalSection
	GlobalSection(SolutionProperties) = preSolution
		HideSolutionNode = FALSE
	EndGlobalSection
	GlobalSection(NestedProjects) = preSolution
		{DDBBE150-A524-4007-A68E-BEF76AC8C58F} = {16183054-D79A-4DE4-9C2F-D43D09B591C7}
	EndGlobalSection
	GlobalSection(ExtensibilityGlobals) = postSolution
		SolutionGuid = {C9E01EFA-6F6C-4C8F-978E-3AEE878DED69}
	EndGlobalSection
EndGlobal
