
Microsoft Visual Studio Solution File, Format Version 12.00
# Visual Studio Version 16
VisualStudioVersion = 16.0.29230.47
MinimumVisualStudioVersion = 10.0.40219.1
Project("{FAE04EC0-301F-11D3-BF4B-00C04F79EFBC}") = "signal.bot", "signal.bot\signal.bot.csproj", "{FCA4F694-78C7-410F-9784-100B2E2E34E8}"
EndProject
Project("{FAE04EC0-301F-11D3-BF4B-00C04F79EFBC}") = "signal.bot.tests", "signal.bot.tests\signal.bot.tests.csproj", "{7BE0F2E3-D3E8-498C-A9EF-57A1B1BC23AB}"
EndProject
Global
	GlobalSection(SolutionConfigurationPlatforms) = preSolution
		Debug|Any CPU = Debug|Any CPU
		Release|Any CPU = Release|Any CPU
	EndGlobalSection
	GlobalSection(ProjectConfigurationPlatforms) = postSolution
		{FCA4F694-78C7-410F-9784-100B2E2E34E8}.Debug|Any CPU.ActiveCfg = Debug|Any CPU
		{FCA4F694-78C7-410F-9784-100B2E2E34E8}.Debug|Any CPU.Build.0 = Debug|Any CPU
		{FCA4F694-78C7-410F-9784-100B2E2E34E8}.Release|Any CPU.ActiveCfg = Release|Any CPU
		{FCA4F694-78C7-410F-9784-100B2E2E34E8}.Release|Any CPU.Build.0 = Release|Any CPU
		{7BE0F2E3-D3E8-498C-A9EF-57A1B1BC23AB}.Debug|Any CPU.ActiveCfg = Debug|Any CPU
		{7BE0F2E3-D3E8-498C-A9EF-57A1B1BC23AB}.Debug|Any CPU.Build.0 = Debug|Any CPU
		{7BE0F2E3-D3E8-498C-A9EF-57A1B1BC23AB}.Release|Any CPU.ActiveCfg = Release|Any CPU
		{7BE0F2E3-D3E8-498C-A9EF-57A1B1BC23AB}.Release|Any CPU.Build.0 = Release|Any CPU
	EndGlobalSection
	GlobalSection(SolutionProperties) = preSolution
		HideSolutionNode = FALSE
	EndGlobalSection
	GlobalSection(NestedProjects) = preSolution
	EndGlobalSection
	GlobalSection(ExtensibilityGlobals) = postSolution
		SolutionGuid = {C9E01EFA-6F6C-4C8F-978E-3AEE878DED69}
	EndGlobalSection
EndGlobal
