<Solution>
  <Folder Name="/Examples/">
    <Project Path="Signal.Bot.Example.Env/Signal.Bot.Example.Env.csproj" />
    <Project Path="Signal.Bot.Example/Signal.Bot.Example.csproj" />
  </Folder>
  <Folder Name="/Solution Items/">
    <File Path="../.github/labels.yml" />
    <File Path="../.github/release.yml" />
    <File Path="../.github/workflows/build-and-release.yml" />
    <File Path="../.github/workflows/docs.yml" />
    <File Path="../.slopwatch/baseline.json" />
    <File Path="../LICENSE" />
    <File Path="../README.md" />
    <File Path="Directory.Build.props" />
    <File Path="Directory.Packages.props" />
    <File Path="global.json" />
  </Folder>
  <Project Path="Signal.Bot.IntegrationTests/Signal.Bot.IntegrationTests.csproj" />
  <Project Path="Signal.Bot.UnitTests/Signal.Bot.UnitTests.csproj" />
  <Project Path="Signal.Bot/Signal.Bot.csproj" />
</Solution>
